// !$*UTF8*$!
{
	archiveVersion = 1;
	classes = {
	};
	objectVersion = 45;
	objects = {

/* Begin PBXBuildFile section */
		A515EE4B150CA075005473E3 /* crt1.10.6.o in Frameworks */ = {isa = PBXBuildFile; fileRef = A515EE4A150CA075005473E3 /* crt1.10.6.o */; settings = {ATTRIBUTES = (Weak, ); }; };
		A515EE4D150CA096005473E3 /* Python.framework in Frameworks */ = {isa = PBXBuildFile; fileRef = A515EE4C150CA096005473E3 /* Python.framework */; settings = {ATTRIBUTES = (Weak, ); }; };
		A52612F1150CC002001C727E /* DropboxSDK.framework in Frameworks */ = {isa = PBXBuildFile; fileRef = A52612C5150CC002001C727E /* DropboxSDK.framework */; };
		A52612FC150CC079001C727E /* Dropbox.h in Headers */ = {isa = PBXBuildFile; fileRef = A52612FA150CC079001C727E /* Dropbox.h */; };
		A52612FD150CC079001C727E /* Dropbox.c in Sources */ = {isa = PBXBuildFile; fileRef = A52612FB150CC079001C727E /* Dropbox.c */; };
		A5261303150CC304001C727E /* Dropbox.m in Sources */ = {isa = PBXBuildFile; fileRef = A5261302150CC304001C727E /* Dropbox.m */; };
/* End PBXBuildFile section */

/* Begin PBXFileReference section */
		A515EE0C150C9E68005473E3 /* dbfseventsddisasm.s */ = {isa = PBXFileReference; fileEncoding = 4; lastKnownFileType = sourcecode.asm; name = dbfseventsddisasm.s; path = ../dbfseventsddisasm.s; sourceTree = SOURCE_ROOT; };
		A515EE0D150C9E68005473E3 /* DropboxBundleDisasm.s */ = {isa = PBXFileReference; fileEncoding = 4; lastKnownFileType = sourcecode.asm; name = DropboxBundleDisasm.s; path = ../DropboxBundleDisasm.s; sourceTree = SOURCE_ROOT; };
		A515EE0E150C9E68005473E3 /* DropboxDisasm.s */ = {isa = PBXFileReference; fileEncoding = 4; lastKnownFileType = sourcecode.asm; name = DropboxDisasm.s; path = ../DropboxDisasm.s; sourceTree = SOURCE_ROOT; };
		A515EE0F150C9E68005473E3 /* DropboxHelperInstallerDisasm.s */ = {isa = PBXFileReference; fileEncoding = 4; lastKnownFileType = sourcecode.asm; name = DropboxHelperInstallerDisasm.s; path = ../DropboxHelperInstallerDisasm.s; sourceTree = SOURCE_ROOT; };
		A515EE10150C9E68005473E3 /* DropboxPluginDisasm.s */ = {isa = PBXFileReference; fileEncoding = 4; lastKnownFileType = sourcecode.asm; name = DropboxPluginDisasm.s; path = ../DropboxPluginDisasm.s; sourceTree = SOURCE_ROOT; };
		A515EE11150C9E68005473E3 /* dropboxpythondisasm.s */ = {isa = PBXFileReference; fileEncoding = 4; lastKnownFileType = sourcecode.asm; name = dropboxpythondisasm.s; path = ../dropboxpythondisasm.s; sourceTree = SOURCE_ROOT; };
		A515EE12150C9E68005473E3 /* FinderLoadBundleDisasm.s */ = {isa = PBXFileReference; fileEncoding = 4; lastKnownFileType = sourcecode.asm; name = FinderLoadBundleDisasm.s; path = ../FinderLoadBundleDisasm.s; sourceTree = SOURCE_ROOT; };
		A515EE13150C9E68005473E3 /* FinderLoadCMDisasm.s */ = {isa = PBXFileReference; fileEncoding = 4; lastKnownFileType = sourcecode.asm; name = FinderLoadCMDisasm.s; path = ../FinderLoadCMDisasm.s; sourceTree = SOURCE_ROOT; };
		A515EE14150C9E68005473E3 /* FinderLoadCMStubDisasm.s */ = {isa = PBXFileReference; fileEncoding = 4; lastKnownFileType = sourcecode.asm; name = FinderLoadCMStubDisasm.s; path = ../FinderLoadCMStubDisasm.s; sourceTree = SOURCE_ROOT; };
		A515EE15150C9E68005473E3 /* libQCRdisasm.s */ = {isa = PBXFileReference; fileEncoding = 4; lastKnownFileType = sourcecode.asm; name = libQCRdisasm.s; path = ../libQCRdisasm.s; sourceTree = SOURCE_ROOT; };
		A515EE16150C9E68005473E3 /* mach_inject_bundle_stub_disasm.s */ = {isa = PBXFileReference; fileEncoding = 4; lastKnownFileType = sourcecode.asm; name = mach_inject_bundle_stub_disasm.s; path = ../mach_inject_bundle_stub_disasm.s; sourceTree = SOURCE_ROOT; };
		A515EE17150C9E68005473E3 /* symdisasm.s */ = {isa = PBXFileReference; fileEncoding = 4; lastKnownFileType = sourcecode.asm; name = symdisasm.s; path = ../symdisasm.s; sourceTree = SOURCE_ROOT; };
		A515EE18150C9E77005473E3 /* CDStructures.h */ = {isa = PBXFileReference; fileEncoding = 4; lastKnownFileType = sourcecode.c.h; name = CDStructures.h; path = ../CDStructures.h; sourceTree = SOURCE_ROOT; };
		A515EE19150C9E77005473E3 /* DropboxContextMenuState.h */ = {isa = PBXFileReference; fileEncoding = 4; lastKnownFileType = sourcecode.c.h; name = DropboxContextMenuState.h; path = ../DropboxContextMenuState.h; sourceTree = SOURCE_ROOT; };
		A515EE1A150C9E77005473E3 /* DropboxIKImageBrowserCell.h */ = {isa = PBXFileReference; fileEncoding = 4; lastKnownFileType = sourcecode.c.h; name = DropboxIKImageBrowserCell.h; path = ../DropboxIKImageBrowserCell.h; sourceTree = SOURCE_ROOT; };
		A515EE1B150C9E77005473E3 /* DropboxLargeToolbarButton.h */ = {isa = PBXFileReference; fileEncoding = 4; lastKnownFileType = sourcecode.c.h; name = DropboxLargeToolbarButton.h; path = ../DropboxLargeToolbarButton.h; sourceTree = SOURCE_ROOT; };
		A515EE1C150C9E77005473E3 /* DropboxMenu.h */ = {isa = PBXFileReference; fileEncoding = 4; lastKnownFileType = sourcecode.c.h; name = DropboxMenu.h; path = ../DropboxMenu.h; sourceTree = SOURCE_ROOT; };
		A515EE1D150C9E77005473E3 /* DropboxMenuContext.h */ = {isa = PBXFileReference; fileEncoding = 4; lastKnownFileType = sourcecode.c.h; name = DropboxMenuContext.h; path = ../DropboxMenuContext.h; sourceTree = SOURCE_ROOT; };
		A515EE1E150C9E77005473E3 /* DropboxMenuItem.h */ = {isa = PBXFileReference; fileEncoding = 4; lastKnownFileType = sourcecode.c.h; name = DropboxMenuItem.h; path = ../DropboxMenuItem.h; sourceTree = SOURCE_ROOT; };
		A515EE1F150C9E77005473E3 /* DropboxNSMenu.h */ = {isa = PBXFileReference; fileEncoding = 4; lastKnownFileType = sourcecode.c.h; name = DropboxNSMenu.h; path = ../DropboxNSMenu.h; sourceTree = SOURCE_ROOT; };
		A515EE20150C9E77005473E3 /* DropboxSmallToolbarImageView.h */ = {isa = PBXFileReference; fileEncoding = 4; lastKnownFileType = sourcecode.c.h; name = DropboxSmallToolbarImageView.h; path = ../DropboxSmallToolbarImageView.h; sourceTree = SOURCE_ROOT; };
		A515EE21150C9E77005473E3 /* DropboxTListViewIconAndTextCell.h */ = {isa = PBXFileReference; fileEncoding = 4; lastKnownFileType = sourcecode.c.h; name = DropboxTListViewIconAndTextCell.h; path = ../DropboxTListViewIconAndTextCell.h; sourceTree = SOURCE_ROOT; };
		A515EE22150C9E77005473E3 /* DropboxToolbar.h */ = {isa = PBXFileReference; fileEncoding = 4; lastKnownFileType = sourcecode.c.h; name = DropboxToolbar.h; path = ../DropboxToolbar.h; sourceTree = SOURCE_ROOT; };
		A515EE23150C9E77005473E3 /* DropboxToolbarController.h */ = {isa = PBXFileReference; fileEncoding = 4; lastKnownFileType = sourcecode.c.h; name = DropboxToolbarController.h; path = ../DropboxToolbarController.h; sourceTree = SOURCE_ROOT; };
		A515EE24150C9E77005473E3 /* DropboxToolbarItem.h */ = {isa = PBXFileReference; fileEncoding = 4; lastKnownFileType = sourcecode.c.h; name = DropboxToolbarItem.h; path = ../DropboxToolbarItem.h; sourceTree = SOURCE_ROOT; };
		A515EE25150C9E77005473E3 /* DummyClass.h */ = {isa = PBXFileReference; fileEncoding = 4; lastKnownFileType = sourcecode.c.h; name = DummyClass.h; path = ../DummyClass.h; sourceTree = SOURCE_ROOT; };
		A515EE26150C9E77005473E3 /* NSMenuDelegate-Protocol.h */ = {isa = PBXFileReference; fileEncoding = 4; lastKnownFileType = sourcecode.c.h; name = "NSMenuDelegate-Protocol.h"; path = "../NSMenuDelegate-Protocol.h"; sourceTree = SOURCE_ROOT; };
		A515EE27150C9E77005473E3 /* NSObject-Protocol.h */ = {isa = PBXFileReference; fileEncoding = 4; lastKnownFileType = sourcecode.c.h; name = "NSObject-Protocol.h"; path = "../NSObject-Protocol.h"; sourceTree = SOURCE_ROOT; };
		A515EE45150CA005005473E3 /* dropbox.o.o */ = {isa = PBXFileReference; explicitFileType = "compiled.mach-o.objfile"; includeInIndex = 0; path = dropbox.o.o; sourceTree = BUILT_PRODUCTS_DIR; };
		A515EE4A150CA075005473E3 /* crt1.10.6.o */ = {isa = PBXFileReference; lastKnownFileType = "compiled.mach-o.objfile"; name = crt1.10.6.o; path = /usr/lib/crt1.10.6.o; sourceTree = "<absolute>"; };
		A515EE4C150CA096005473E3 /* Python.framework */ = {isa = PBXFileReference; lastKnownFileType = wrapper.framework; name = Python.framework; path = /System/Library/Frameworks/Python.framework; sourceTree = "<absolute>"; };
		A515EE82150CA2A2005473E3 /* Dropbox_1.xcclassmodel */ = {isa = PBXFileReference; lastKnownFileType = wrapper.xcclassmodel; path = Dropbox_1.xcclassmodel; sourceTree = "<group>"; };
		A519EE5B150CB3F200E36575 /* disabled.png */ = {isa = PBXFileReference; lastKnownFileType = image.png; path = disabled.png; sourceTree = "<group>"; };
		A519EE5D150CB3F200E36575 /* English */ = {isa = PBXFileReference; fileEncoding = 4; lastKnownFileType = text.plist.strings; name = English; path = English.lproj/InfoPlist.strings; sourceTree = "<group>"; };
		A519EE5E150CB3F200E36575 /* Info.json */ = {isa = PBXFileReference; fileEncoding = 4; lastKnownFileType = text; path = Info.json; sourceTree = "<group>"; };
		A519EE5F150CB3F200E36575 /* Info.plist */ = {isa = PBXFileReference; fileEncoding = 4; lastKnownFileType = text.plist.xml; path = Info.plist; sourceTree = "<group>"; };
		A519EE60150CB3F200E36575 /* pressed.png */ = {isa = PBXFileReference; lastKnownFileType = image.png; path = pressed.png; sourceTree = "<group>"; };
		A519EE61150CB3F200E36575 /* sidebar.ico */ = {isa = PBXFileReference; lastKnownFileType = image.ico; path = sidebar.ico; sourceTree = "<group>"; };
		A519EE62150CB3F200E36575 /* sidebar_16.png */ = {isa = PBXFileReference; lastKnownFileType = image.png; path = sidebar_16.png; sourceTree = "<group>"; };
		A519EE63150CB3F200E36575 /* sidebar_18.png */ = {isa = PBXFileReference; lastKnownFileType = image.png; path = sidebar_18.png; sourceTree = "<group>"; };
		A519EE64150CB3F200E36575 /* sidebar_32.png */ = {isa = PBXFileReference; lastKnownFileType = image.png; path = sidebar_32.png; sourceTree = "<group>"; };
		A519EE65150CB3F200E36575 /* sidebar_blue.png */ = {isa = PBXFileReference; lastKnownFileType = image.png; path = sidebar_blue.png; sourceTree = "<group>"; };
		A519EE66150CB3F200E36575 /* toolbar_large.png */ = {isa = PBXFileReference; lastKnownFileType = image.png; path = toolbar_large.png; sourceTree = "<group>"; };
		A519EE67150CB3F200E36575 /* unpressed.png */ = {isa = PBXFileReference; lastKnownFileType = image.png; path = unpressed.png; sourceTree = "<group>"; };
		A519EE69150CB3F200E36575 /* disabled-lep.png */ = {isa = PBXFileReference; lastKnownFileType = image.png; path = "disabled-lep.png"; sourceTree = "<group>"; };
		A519EE6A150CB3F200E36575 /* disabled.png */ = {isa = PBXFileReference; lastKnownFileType = image.png; path = disabled.png; sourceTree = "<group>"; };
		A519EE6B150CB3F200E36575 /* dropbox.icns */ = {isa = PBXFileReference; lastKnownFileType = image.icns; path = dropbox.icns; sourceTree = "<group>"; };
		A519EE6C150CB3F200E36575 /* dropbox.ico */ = {isa = PBXFileReference; lastKnownFileType = image.ico; path = dropbox.ico; sourceTree = "<group>"; };
		A519EE6D150CB3F200E36575 /* Info.json */ = {isa = PBXFileReference; fileEncoding = 4; lastKnownFileType = text; path = Info.json; sourceTree = "<group>"; };
		A519EE6E150CB3F200E36575 /* Info.plist */ = {isa = PBXFileReference; fileEncoding = 4; lastKnownFileType = text.plist.xml; path = Info.plist; sourceTree = "<group>"; };
		A519EE6F150CB3F200E36575 /* pressed-graphite.png */ = {isa = PBXFileReference; lastKnownFileType = image.png; path = "pressed-graphite.png"; sourceTree = "<group>"; };
		A519EE70150CB3F200E36575 /* pressed-lep.png */ = {isa = PBXFileReference; lastKnownFileType = image.png; path = "pressed-lep.png"; sourceTree = "<group>"; };
		A519EE71150CB3F200E36575 /* pressed.png */ = {isa = PBXFileReference; lastKnownFileType = image.png; path = pressed.png; sourceTree = "<group>"; };
		A519EE72150CB3F200E36575 /* unpressed-lep.png */ = {isa = PBXFileReference; lastKnownFileType = image.png; path = "unpressed-lep.png"; sourceTree = "<group>"; };
		A519EE73150CB3F200E36575 /* unpressed.png */ = {isa = PBXFileReference; lastKnownFileType = image.png; path = unpressed.png; sourceTree = "<group>"; };
		A519EE74150CB3F200E36575 /* version.json */ = {isa = PBXFileReference; fileEncoding = 4; lastKnownFileType = text; path = version.json; sourceTree = "<group>"; };
		A519EE75150CB3F200E36575 /* version.plist */ = {isa = PBXFileReference; fileEncoding = 4; lastKnownFileType = text.plist.xml; path = version.plist; sourceTree = "<group>"; };
		A519EE78150CB3F200E36575 /* English */ = {isa = PBXFileReference; fileEncoding = 4; lastKnownFileType = text.plist.strings; name = English; path = English.lproj/InfoPlist.strings; sourceTree = "<group>"; };
		A519EE79150CB3F200E36575 /* Info.json */ = {isa = PBXFileReference; fileEncoding = 4; lastKnownFileType = text; path = Info.json; sourceTree = "<group>"; };
		A519EE7A150CB3F200E36575 /* Info.plist */ = {isa = PBXFileReference; fileEncoding = 4; lastKnownFileType = text.plist.xml; path = Info.plist; sourceTree = "<group>"; };
		A52612C5150CC002001C727E /* DropboxSDK.framework */ = {isa = PBXFileReference; lastKnownFileType = wrapper.framework; path = DropboxSDK.framework; sourceTree = "<group>"; };
		A52612FA150CC079001C727E /* Dropbox.h */ = {isa = PBXFileReference; fileEncoding = 4; lastKnownFileType = sourcecode.c.h; path = Dropbox.h; sourceTree = "<group>"; };
		A52612FB150CC079001C727E /* Dropbox.c */ = {isa = PBXFileReference; fileEncoding = 4; lastKnownFileType = sourcecode.c.c; path = Dropbox.c; sourceTree = "<group>"; };
		A5261302150CC304001C727E /* Dropbox.m */ = {isa = PBXFileReference; fileEncoding = 4; lastKnownFileType = sourcecode.c.objc; path = Dropbox.m; sourceTree = "<group>"; };
/* End PBXFileReference section */

/* Begin PBXFrameworksBuildPhase section */
		A515EE43150CA005005473E3 /* Frameworks */ = {
			isa = PBXFrameworksBuildPhase;
			buildActionMask = 2147483647;
			files = (
				A515EE4B150CA075005473E3 /* crt1.10.6.o in Frameworks */,
				A515EE4D150CA096005473E3 /* Python.framework in Frameworks */,
				A52612F1150CC002001C727E /* DropboxSDK.framework in Frameworks */,
			);
			runOnlyForDeploymentPostprocessing = 0;
		};
/* End PBXFrameworksBuildPhase section */

/* Begin PBXGroup section */
		A515EDFA150C9E48005473E3 = {
			isa = PBXGroup;
			children = (
				A5261302150CC304001C727E /* Dropbox.m */,
				A519EE59150CB3F200E36575 /* Resources */,
				A515EE39150C9F6F005473E3 /* assembly */,
				A515EE2C150C9EF3005473E3 /* headers */,
				A515EE46150CA005005473E3 /* Products */,
				A515EE4A150CA075005473E3 /* crt1.10.6.o */,
				A515EE4C150CA096005473E3 /* Python.framework */,
				A515EE82150CA2A2005473E3 /* Dropbox_1.xcclassmodel */,
				A52612FA150CC079001C727E /* Dropbox.h */,
				A52612FB150CC079001C727E /* Dropbox.c */,
			);
			sourceTree = "<group>";
		};
		A515EE2C150C9EF3005473E3 /* headers */ = {
			isa = PBXGroup;
			children = (
				A515EE18150C9E77005473E3 /* CDStructures.h */,
				A515EE19150C9E77005473E3 /* DropboxContextMenuState.h */,
				A515EE1A150C9E77005473E3 /* DropboxIKImageBrowserCell.h */,
				A515EE1B150C9E77005473E3 /* DropboxLargeToolbarButton.h */,
				A515EE1C150C9E77005473E3 /* DropboxMenu.h */,
				A515EE1D150C9E77005473E3 /* DropboxMenuContext.h */,
				A515EE1E150C9E77005473E3 /* DropboxMenuItem.h */,
				A515EE1F150C9E77005473E3 /* DropboxNSMenu.h */,
				A515EE20150C9E77005473E3 /* DropboxSmallToolbarImageView.h */,
				A515EE21150C9E77005473E3 /* DropboxTListViewIconAndTextCell.h */,
				A515EE22150C9E77005473E3 /* DropboxToolbar.h */,
				A515EE23150C9E77005473E3 /* DropboxToolbarController.h */,
				A515EE24150C9E77005473E3 /* DropboxToolbarItem.h */,
				A515EE25150C9E77005473E3 /* DummyClass.h */,
				A515EE26150C9E77005473E3 /* NSMenuDelegate-Protocol.h */,
				A515EE27150C9E77005473E3 /* NSObject-Protocol.h */,
			);
			name = headers;
			sourceTree = "<group>";
		};
		A515EE39150C9F6F005473E3 /* assembly */ = {
			isa = PBXGroup;
			children = (
				A515EE0C150C9E68005473E3 /* dbfseventsddisasm.s */,
				A515EE0D150C9E68005473E3 /* DropboxBundleDisasm.s */,
				A515EE0E150C9E68005473E3 /* DropboxDisasm.s */,
				A515EE0F150C9E68005473E3 /* DropboxHelperInstallerDisasm.s */,
				A515EE10150C9E68005473E3 /* DropboxPluginDisasm.s */,
				A515EE11150C9E68005473E3 /* dropboxpythondisasm.s */,
				A515EE12150C9E68005473E3 /* FinderLoadBundleDisasm.s */,
				A515EE13150C9E68005473E3 /* FinderLoadCMDisasm.s */,
				A515EE14150C9E68005473E3 /* FinderLoadCMStubDisasm.s */,
				A515EE15150C9E68005473E3 /* libQCRdisasm.s */,
				A515EE16150C9E68005473E3 /* mach_inject_bundle_stub_disasm.s */,
				A515EE17150C9E68005473E3 /* symdisasm.s */,
			);
			name = assembly;
			sourceTree = "<group>";
		};
		A515EE46150CA005005473E3 /* Products */ = {
			isa = PBXGroup;
			children = (
				A515EE45150CA005005473E3 /* dropbox.o.o */,
			);
			name = Products;
			sourceTree = "<group>";
		};
		A519EE59150CB3F200E36575 /* Resources */ = {
			isa = PBXGroup;
			children = (
				A52612C4150CC002001C727E /* Frameworks */,
				A519EE5A150CB3F200E36575 /* DropboxBundle */,
				A519EE68150CB3F200E36575 /* DropboxPlugin */,
				A519EE76150CB3F200E36575 /* mach_inject_bundle_stub */,
			);
			name = Resources;
			path = ../Resources;
			sourceTree = SOURCE_ROOT;
		};
		A519EE5A150CB3F200E36575 /* DropboxBundle */ = {
			isa = PBXGroup;
			children = (
				A519EE5B150CB3F200E36575 /* disabled.png */,
				A519EE5C150CB3F200E36575 /* InfoPlist.strings */,
				A519EE5E150CB3F200E36575 /* Info.json */,
				A519EE5F150CB3F200E36575 /* Info.plist */,
				A519EE60150CB3F200E36575 /* pressed.png */,
				A519EE61150CB3F200E36575 /* sidebar.ico */,
				A519EE62150CB3F200E36575 /* sidebar_16.png */,
				A519EE63150CB3F200E36575 /* sidebar_18.png */,
				A519EE64150CB3F200E36575 /* sidebar_32.png */,
				A519EE65150CB3F200E36575 /* sidebar_blue.png */,
				A519EE66150CB3F200E36575 /* toolbar_large.png */,
				A519EE67150CB3F200E36575 /* unpressed.png */,
			);
			path = DropboxBundle;
			sourceTree = "<group>";
		};
		A519EE68150CB3F200E36575 /* DropboxPlugin */ = {
			isa = PBXGroup;
			children = (
				A519EE69150CB3F200E36575 /* disabled-lep.png */,
				A519EE6A150CB3F200E36575 /* disabled.png */,
				A519EE6B150CB3F200E36575 /* dropbox.icns */,
				A519EE6C150CB3F200E36575 /* dropbox.ico */,
				A519EE6D150CB3F200E36575 /* Info.json */,
				A519EE6E150CB3F200E36575 /* Info.plist */,
				A519EE6F150CB3F200E36575 /* pressed-graphite.png */,
				A519EE70150CB3F200E36575 /* pressed-lep.png */,
				A519EE71150CB3F200E36575 /* pressed.png */,
				A519EE72150CB3F200E36575 /* unpressed-lep.png */,
				A519EE73150CB3F200E36575 /* unpressed.png */,
				A519EE74150CB3F200E36575 /* version.json */,
				A519EE75150CB3F200E36575 /* version.plist */,
			);
			path = DropboxPlugin;
			sourceTree = "<group>";
		};
		A519EE76150CB3F200E36575 /* mach_inject_bundle_stub */ = {
			isa = PBXGroup;
			children = (
				A519EE77150CB3F200E36575 /* InfoPlist.strings */,
				A519EE79150CB3F200E36575 /* Info.json */,
				A519EE7A150CB3F200E36575 /* Info.plist */,
			);
			path = mach_inject_bundle_stub;
			sourceTree = "<group>";
		};
		A52612C4150CC002001C727E /* Frameworks */ = {
			isa = PBXGroup;
			children = (
				A52612C5150CC002001C727E /* DropboxSDK.framework */,
			);
			path = Frameworks;
			sourceTree = "<group>";
		};
/* End PBXGroup section */

/* Begin PBXHeadersBuildPhase section */
		A515EE6A150CA133005473E3 /* Headers */ = {
			isa = PBXHeadersBuildPhase;
			buildActionMask = 2147483647;
			files = (
				A52612FC150CC079001C727E /* Dropbox.h in Headers */,
			);
			runOnlyForDeploymentPostprocessing = 0;
		};
/* End PBXHeadersBuildPhase section */

/* Begin PBXNativeTarget section */
		A515EE44150CA005005473E3 /* dropbox.o */ = {
			isa = PBXNativeTarget;
			buildConfigurationList = A515EE49150CA006005473E3 /* Build configuration list for PBXNativeTarget "dropbox.o" */;
			buildPhases = (
				A515EE42150CA005005473E3 /* Sources */,
				A515EE43150CA005005473E3 /* Frameworks */,
				A515EE6A150CA133005473E3 /* Headers */,
				A519EE82150CB42F00E36575 /* Resources */,
			);
			buildRules = (
			);
			dependencies = (
			);
			name = dropbox.o;
			productName = dropbox.o;
			productReference = A515EE45150CA005005473E3 /* dropbox.o.o */;
			productType = "com.apple.product-type.objfile";
		};
/* End PBXNativeTarget section */

/* Begin PBXProject section */
		A515EDFC150C9E48005473E3 /* Project object */ = {
			isa = PBXProject;
			attributes = {
				ORGANIZATIONNAME = "George Washington University";
			};
			buildConfigurationList = A515EDFF150C9E48005473E3 /* Build configuration list for PBXProject "Dropbox" */;
			compatibilityVersion = "Xcode 2.4";
			developmentRegion = English;
			hasScannedForEncodings = 0;
			knownRegions = (
				English,
				Japanese,
				French,
				German,
			);
			mainGroup = A515EDFA150C9E48005473E3;
			productRefGroup = A515EE46150CA005005473E3 /* Products */;
			projectDirPath = "";
			projectRoot = "";
			targets = (
				A515EE44150CA005005473E3 /* dropbox.o */,
			);
		};
/* End PBXProject section */

/* Begin PBXResourcesBuildPhase section */
		A519EE82150CB42F00E36575 /* Resources */ = {
			isa = PBXResourcesBuildPhase;
			buildActionMask = 2147483647;
			files = (
			);
			runOnlyForDeploymentPostprocessing = 0;
		};
/* End PBXResourcesBuildPhase section */

/* Begin PBXSourcesBuildPhase section */
		A515EE42150CA005005473E3 /* Sources */ = {
			isa = PBXSourcesBuildPhase;
			buildActionMask = 2147483647;
			files = (
				A52612FD150CC079001C727E /* Dropbox.c in Sources */,
				A5261303150CC304001C727E /* Dropbox.m in Sources */,
			);
			runOnlyForDeploymentPostprocessing = 0;
		};
/* End PBXSourcesBuildPhase section */

/* Begin PBXVariantGroup section */
		A519EE5C150CB3F200E36575 /* InfoPlist.strings */ = {
			isa = PBXVariantGroup;
			children = (
				A519EE5D150CB3F200E36575 /* English */,
			);
			name = InfoPlist.strings;
			sourceTree = "<group>";
		};
		A519EE77150CB3F200E36575 /* InfoPlist.strings */ = {
			isa = PBXVariantGroup;
			children = (
				A519EE78150CB3F200E36575 /* English */,
			);
			name = InfoPlist.strings;
			sourceTree = "<group>";
		};
/* End PBXVariantGroup section */

/* Begin XCBuildConfiguration section */
		A515EDFD150C9E48005473E3 /* Debug */ = {
			isa = XCBuildConfiguration;
			buildSettings = {
				ADDITIONAL_SDKS = "10.4u 10.5 10.6";
				COPYING_PRESERVES_HFS_DATA = YES;
				COPY_PHASE_STRIP = NO;
				ENABLE_OPENMP_SUPPORT = YES;
				GCC_ALTIVEC_EXTENSIONS = YES;
				GCC_AUTO_VECTORIZATION = YES;
				GCC_ENABLE_EXCEPTIONS = YES;
				GCC_ENABLE_OBJC_GC = supported;
				GCC_ENABLE_SSE3_EXTENSIONS = YES;
				GCC_ENABLE_SSE41_EXTENSIONS = YES;
				GCC_ENABLE_SSE42_EXTENSIONS = YES;
				GCC_ENABLE_SUPPLEMENTAL_SSE3_INSTRUCTIONS = YES;
				GCC_ENABLE_TRIGRAPHS = YES;
				GCC_GENERATE_TEST_COVERAGE_FILES = YES;
				GCC_MODEL_PPC64 = YES;
				GCC_PRECOMPILE_PREFIX_HEADER = YES;
				GCC_WARN_ABOUT_MISSING_NEWLINE = YES;
				GCC_WARN_PEDANTIC = YES;
				GCC_WARN_UNUSED_FUNCTION = YES;
				GCC_WARN_UNUSED_LABEL = YES;
				GCC_WARN_UNUSED_PARAMETER = YES;
				GCC_WARN_UNUSED_VALUE = YES;
				GCC_WARN_UNUSED_VARIABLE = YES;
				GENERATE_PROFILING_CODE = YES;
				INFOPLIST_PREPROCESS = YES;
				RUN_CLANG_STATIC_ANALYZER = YES;
				SCAN_ALL_SOURCE_FILES_FOR_INCLUDES = YES;
				VALIDATE_PRODUCT = YES;
			};
			name = Debug;
		};
		A515EDFE150C9E48005473E3 /* Release */ = {
			isa = XCBuildConfiguration;
			buildSettings = {
				COPY_PHASE_STRIP = YES;
			};
			name = Release;
		};
		A515EE47150CA006005473E3 /* Debug */ = {
			isa = XCBuildConfiguration;
			buildSettings = {
				ALWAYS_SEARCH_USER_PATHS = NO;
				COPY_PHASE_STRIP = NO;
				FRAMEWORK_SEARCH_PATHS = (
					"$(inherited)",
					"\"$(SRCROOT)/../Resources/Frameworks\"",
				);
				GCC_DYNAMIC_NO_PIC = NO;
				GCC_OPTIMIZATION_LEVEL = 0;
				INSTALL_PATH = /usr/local/lib;
				PREBINDING = NO;
				PRODUCT_NAME = dropbox.o;
			};
			name = Debug;
		};
		A515EE48150CA006005473E3 /* Release */ = {
			isa = XCBuildConfiguration;
			buildSettings = {
				ALWAYS_SEARCH_USER_PATHS = NO;
				COPY_PHASE_STRIP = YES;
				DEBUG_INFORMATION_FORMAT = "dwarf-with-dsym";
				FRAMEWORK_SEARCH_PATHS = (
					"$(inherited)",
					"\"$(SRCROOT)/../Resources/Frameworks\"",
				);
				GCC_ENABLE_FIX_AND_CONTINUE = NO;
				INSTALL_PATH = /usr/local/lib;
				PREBINDING = NO;
				PRODUCT_NAME = dropbox.o;
				ZERO_LINK = NO;
			};
			name = Release;
		};
/* End XCBuildConfiguration section */

/* Begin XCConfigurationList section */
		A515EDFF150C9E48005473E3 /* Build configuration list for PBXProject "Dropbox" */ = {
			isa = XCConfigurationList;
			buildConfigurations = (
				A515EDFD150C9E48005473E3 /* Debug */,
				A515EDFE150C9E48005473E3 /* Release */,
			);
			defaultConfigurationIsVisible = 0;
			defaultConfigurationName = Release;
		};
		A515EE49150CA006005473E3 /* Build configuration list for PBXNativeTarget "dropbox.o" */ = {
			isa = XCConfigurationList;
			buildConfigurations = (
				A515EE47150CA006005473E3 /* Debug */,
				A515EE48150CA006005473E3 /* Release */,
			);
			defaultConfigurationIsVisible = 0;
			defaultConfigurationName = Release;
		};
/* End XCConfigurationList section */
	};
	rootObject = A515EDFC150C9E48005473E3 /* Project object */;
}
